{
    "name": "history_quick_view",
    "version": "0.2.0",
    "lockfileVersion": 3,
    "requires": true,
    "packages": {
        "": {
            "name": "history_quick_view",
            "version": "0.2.0",
            "license": "MIT",
            "devDependencies": {
                "chrome-types": "^0.1.281"
            }
        },
        "node_modules/chrome-types": {
            "version": "0.1.281",
            "resolved": "https://registry.npmjs.org/chrome-types/-/chrome-types-0.1.281.tgz",
            "integrity": "sha512-2zUyPie4V32IHz0EoZT8/fPbTaiIqjkFVrt1kzMgKgdS6iTHuaBYvdVjltBbadVJcGCVKEZi7lv8UwYMBHXRYg==",
            "dev": true
        }
    }
}
